// !$*UTF8*$!
{
	archiveVersion = 1;
	classes = {
	};
	objectVersion = 50;
	objects = {

/* Begin PBXBuildFile section */
		1116CBBD243E306A002B1F05 /* Requester.swift in Sources */ = {isa = PBXBuildFile; fileRef = 1116CBBC243E306A002B1F05 /* Requester.swift */; };
		1116CBC1243E30F2002B1F05 /* Logger.swift in Sources */ = {isa = PBXBuildFile; fileRef = 1116CBC0243E30F2002B1F05 /* Logger.swift */; };
		1165402E243E1BD700AC4BDE /* AppDelegate.swift in Sources */ = {isa = PBXBuildFile; fileRef = 1165402D243E1BD700AC4BDE /* AppDelegate.swift */; };
		11654030243E1BD700AC4BDE /* SceneDelegate.swift in Sources */ = {isa = PBXBuildFile; fileRef = 1165402F243E1BD700AC4BDE /* SceneDelegate.swift */; };
		11654037243E1BD900AC4BDE /* Assets.xcassets in Resources */ = {isa = PBXBuildFile; fileRef = 11654036243E1BD900AC4BDE /* Assets.xcassets */; };
		1165403A243E1BD900AC4BDE /* LaunchScreen.storyboard in Resources */ = {isa = PBXBuildFile; fileRef = 11654038243E1BD900AC4BDE /* LaunchScreen.storyboard */; };
		11654042243E1C3C00AC4BDE /* ApiKey.plist in Resources */ = {isa = PBXBuildFile; fileRef = 11654041243E1C3C00AC4BDE /* ApiKey.plist */; };
		11654047243E20B800AC4BDE /* CinemaViewController.swift in Sources */ = {isa = PBXBuildFile; fileRef = 11654046243E20B800AC4BDE /* CinemaViewController.swift */; };
		1165404A243E231B00AC4BDE /* NetworkService.swift in Sources */ = {isa = PBXBuildFile; fileRef = 11654049243E231B00AC4BDE /* NetworkService.swift */; };
		11654052243E247A00AC4BDE /* PlistParser.swift in Sources */ = {isa = PBXBuildFile; fileRef = 11654051243E247A00AC4BDE /* PlistParser.swift */; };
		11654055243E28B200AC4BDE /* SearchMovieModel.swift in Sources */ = {isa = PBXBuildFile; fileRef = 11654054243E28B200AC4BDE /* SearchMovieModel.swift */; };
		11C3EF6C243E605E00D93AAD /* MoviePosterTableViewCell.swift in Sources */ = {isa = PBXBuildFile; fileRef = 11C3EF6A243E605E00D93AAD /* MoviePosterTableViewCell.swift */; };
		11C3EF6D243E605E00D93AAD /* MoviePosterTableViewCell.xib in Resources */ = {isa = PBXBuildFile; fileRef = 11C3EF6B243E605E00D93AAD /* MoviePosterTableViewCell.xib */; };
		11C3EF71243E61DB00D93AAD /* UIImageView+Extension.swift in Sources */ = {isa = PBXBuildFile; fileRef = 11C3EF70243E61DB00D93AAD /* UIImageView+Extension.swift */; };
		11C3EF73243E676800D93AAD /* Cache.swift in Sources */ = {isa = PBXBuildFile; fileRef = 11C3EF72243E676800D93AAD /* Cache.swift */; };
		11C3EF76243E6BA000D93AAD /* UITableViewCell+Extension.swift in Sources */ = {isa = PBXBuildFile; fileRef = 11C3EF75243E6BA000D93AAD /* UITableViewCell+Extension.swift */; };
		11C3EF7A243E6E3500D93AAD /* MovieModel.swift in Sources */ = {isa = PBXBuildFile; fileRef = 11C3EF79243E6E3400D93AAD /* MovieModel.swift */; };
		11C3EF7F243E6FF700D93AAD /* MovieDescriptionPresenter.swift in Sources */ = {isa = PBXBuildFile; fileRef = 11C3EF7E243E6FF700D93AAD /* MovieDescriptionPresenter.swift */; };
		11C3EF81243E701300D93AAD /* MovieDescriptionViewController.swift in Sources */ = {isa = PBXBuildFile; fileRef = 11C3EF80243E701200D93AAD /* MovieDescriptionViewController.swift */; };
		11C3EF88243E7EA400D93AAD /* PosterTableViewCell.swift in Sources */ = {isa = PBXBuildFile; fileRef = 11C3EF86243E7EA400D93AAD /* PosterTableViewCell.swift */; };
		11C3EF89243E7EA400D93AAD /* PosterTableViewCell.xib in Resources */ = {isa = PBXBuildFile; fileRef = 11C3EF87243E7EA400D93AAD /* PosterTableViewCell.xib */; };
		11C3EF8B243E81F100D93AAD /* UITableView+Extansion.swift in Sources */ = {isa = PBXBuildFile; fileRef = 11C3EF8A243E81F100D93AAD /* UITableView+Extansion.swift */; };
		11DAB688243E43E60091CDA5 /* URL+Extension.swift in Sources */ = {isa = PBXBuildFile; fileRef = 11DAB687243E43E60091CDA5 /* URL+Extension.swift */; };
		11DAB68A243E440F0091CDA5 /* Dictionary+Extension.swift in Sources */ = {isa = PBXBuildFile; fileRef = 11DAB689243E440F0091CDA5 /* Dictionary+Extension.swift */; };
		11DAB690243E4A7E0091CDA5 /* CinemaPresenter.swift in Sources */ = {isa = PBXBuildFile; fileRef = 11DAB68F243E4A7E0091CDA5 /* CinemaPresenter.swift */; };
/* End PBXBuildFile section */

/* Begin PBXFileReference section */
		1116CBBC243E306A002B1F05 /* Requester.swift */ = {isa = PBXFileReference; lastKnownFileType = sourcecode.swift; path = Requester.swift; sourceTree = "<group>"; };
		1116CBC0243E30F2002B1F05 /* Logger.swift */ = {isa = PBXFileReference; lastKnownFileType = sourcecode.swift; path = Logger.swift; sourceTree = "<group>"; };
		1165402A243E1BD700AC4BDE /* Cinema.app */ = {isa = PBXFileReference; explicitFileType = wrapper.application; includeInIndex = 0; path = Cinema.app; sourceTree = BUILT_PRODUCTS_DIR; };
		1165402D243E1BD700AC4BDE /* AppDelegate.swift */ = {isa = PBXFileReference; lastKnownFileType = sourcecode.swift; path = AppDelegate.swift; sourceTree = "<group>"; };
		1165402F243E1BD700AC4BDE /* SceneDelegate.swift */ = {isa = PBXFileReference; lastKnownFileType = sourcecode.swift; path = SceneDelegate.swift; sourceTree = "<group>"; };
		11654036243E1BD900AC4BDE /* Assets.xcassets */ = {isa = PBXFileReference; lastKnownFileType = folder.assetcatalog; path = Assets.xcassets; sourceTree = "<group>"; };
		11654039243E1BD900AC4BDE /* Base */ = {isa = PBXFileReference; lastKnownFileType = file.storyboard; name = Base; path = Base.lproj/LaunchScreen.storyboard; sourceTree = "<group>"; };
		1165403B243E1BD900AC4BDE /* Info.plist */ = {isa = PBXFileReference; lastKnownFileType = text.plist.xml; path = Info.plist; sourceTree = "<group>"; };
		11654041243E1C3C00AC4BDE /* ApiKey.plist */ = {isa = PBXFileReference; lastKnownFileType = text.plist.xml; path = ApiKey.plist; sourceTree = "<group>"; };
		11654046243E20B800AC4BDE /* CinemaViewController.swift */ = {isa = PBXFileReference; lastKnownFileType = sourcecode.swift; path = CinemaViewController.swift; sourceTree = "<group>"; };
		11654049243E231B00AC4BDE /* NetworkService.swift */ = {isa = PBXFileReference; lastKnownFileType = sourcecode.swift; path = NetworkService.swift; sourceTree = "<group>"; };
		11654051243E247A00AC4BDE /* PlistParser.swift */ = {isa = PBXFileReference; lastKnownFileType = sourcecode.swift; path = PlistParser.swift; sourceTree = "<group>"; };
		11654054243E28B200AC4BDE /* SearchMovieModel.swift */ = {isa = PBXFileReference; lastKnownFileType = sourcecode.swift; path = SearchMovieModel.swift; sourceTree = "<group>"; };
		11C3EF6A243E605E00D93AAD /* MoviePosterTableViewCell.swift */ = {isa = PBXFileReference; lastKnownFileType = sourcecode.swift; path = MoviePosterTableViewCell.swift; sourceTree = "<group>"; };
		11C3EF6B243E605E00D93AAD /* MoviePosterTableViewCell.xib */ = {isa = PBXFileReference; lastKnownFileType = file.xib; path = MoviePosterTableViewCell.xib; sourceTree = "<group>"; };
		11C3EF70243E61DB00D93AAD /* UIImageView+Extension.swift */ = {isa = PBXFileReference; lastKnownFileType = sourcecode.swift; path = "UIImageView+Extension.swift"; sourceTree = "<group>"; };
		11C3EF72243E676800D93AAD /* Cache.swift */ = {isa = PBXFileReference; lastKnownFileType = sourcecode.swift; path = Cache.swift; sourceTree = "<group>"; };
		11C3EF75243E6BA000D93AAD /* UITableViewCell+Extension.swift */ = {isa = PBXFileReference; lastKnownFileType = sourcecode.swift; path = "UITableViewCell+Extension.swift"; sourceTree = "<group>"; };
		11C3EF79243E6E3400D93AAD /* MovieModel.swift */ = {isa = PBXFileReference; lastKnownFileType = sourcecode.swift; path = MovieModel.swift; sourceTree = "<group>"; };
		11C3EF7E243E6FF700D93AAD /* MovieDescriptionPresenter.swift */ = {isa = PBXFileReference; lastKnownFileType = sourcecode.swift; path = MovieDescriptionPresenter.swift; sourceTree = "<group>"; };
		11C3EF80243E701200D93AAD /* MovieDescriptionViewController.swift */ = {isa = PBXFileReference; lastKnownFileType = sourcecode.swift; path = MovieDescriptionViewController.swift; sourceTree = "<group>"; };
		11C3EF86243E7EA400D93AAD /* PosterTableViewCell.swift */ = {isa = PBXFileReference; lastKnownFileType = sourcecode.swift; path = PosterTableViewCell.swift; sourceTree = "<group>"; };
		11C3EF87243E7EA400D93AAD /* PosterTableViewCell.xib */ = {isa = PBXFileReference; lastKnownFileType = file.xib; path = PosterTableViewCell.xib; sourceTree = "<group>"; };
		11C3EF8A243E81F100D93AAD /* UITableView+Extansion.swift */ = {isa = PBXFileReference; lastKnownFileType = sourcecode.swift; path = "UITableView+Extansion.swift"; sourceTree = "<group>"; };
		11DAB687243E43E60091CDA5 /* URL+Extension.swift */ = {isa = PBXFileReference; lastKnownFileType = sourcecode.swift; path = "URL+Extension.swift"; sourceTree = "<group>"; };
		11DAB689243E440F0091CDA5 /* Dictionary+Extension.swift */ = {isa = PBXFileReference; lastKnownFileType = sourcecode.swift; path = "Dictionary+Extension.swift"; sourceTree = "<group>"; };
		11DAB68F243E4A7E0091CDA5 /* CinemaPresenter.swift */ = {isa = PBXFileReference; lastKnownFileType = sourcecode.swift; path = CinemaPresenter.swift; sourceTree = "<group>"; };
/* End PBXFileReference section */

/* Begin PBXFrameworksBuildPhase section */
		11654027243E1BD700AC4BDE /* Frameworks */ = {
			isa = PBXFrameworksBuildPhase;
			buildActionMask = 2147483647;
			files = (
			);
			runOnlyForDeploymentPostprocessing = 0;
		};
/* End PBXFrameworksBuildPhase section */

/* Begin PBXGroup section */
		1116CBBE243E30D8002B1F05 /* Logger */ = {
			isa = PBXGroup;
			children = (
				1116CBC0243E30F2002B1F05 /* Logger.swift */,
			);
			path = Logger;
			sourceTree = "<group>";
		};
		1116CBBF243E30DF002B1F05 /* PlistParser */ = {
			isa = PBXGroup;
			children = (
				11654051243E247A00AC4BDE /* PlistParser.swift */,
			);
			path = PlistParser;
			sourceTree = "<group>";
		};
		11654021243E1BD700AC4BDE = {
			isa = PBXGroup;
			children = (
				1165402C243E1BD700AC4BDE /* Cinema */,
				1165402B243E1BD700AC4BDE /* Products */,
			);
			sourceTree = "<group>";
		};
		1165402B243E1BD700AC4BDE /* Products */ = {
			isa = PBXGroup;
			children = (
				1165402A243E1BD700AC4BDE /* Cinema.app */,
			);
			name = Products;
			sourceTree = "<group>";
		};
		1165402C243E1BD700AC4BDE /* Cinema */ = {
			isa = PBXGroup;
			children = (
				11654053243E286D00AC4BDE /* Network */,
				11654045243E209A00AC4BDE /* Services */,
				11654044243E209300AC4BDE /* Extensions */,
				11654043243E208900AC4BDE /* Controller */,
				1165402D243E1BD700AC4BDE /* AppDelegate.swift */,
				1165402F243E1BD700AC4BDE /* SceneDelegate.swift */,
				11654036243E1BD900AC4BDE /* Assets.xcassets */,
				11654038243E1BD900AC4BDE /* LaunchScreen.storyboard */,
				1165403B243E1BD900AC4BDE /* Info.plist */,
				11654041243E1C3C00AC4BDE /* ApiKey.plist */,
			);
			path = Cinema;
			sourceTree = "<group>";
		};
		11654043243E208900AC4BDE /* Controller */ = {
			isa = PBXGroup;
			children = (
				11C3EF77243E6CCE00D93AAD /* MovieDescription */,
				11654048243E20BA00AC4BDE /* CinemaVC */,
			);
			path = Controller;
			sourceTree = "<group>";
		};
		11654044243E209300AC4BDE /* Extensions */ = {
			isa = PBXGroup;
			children = (
				11DAB687243E43E60091CDA5 /* URL+Extension.swift */,
				11DAB689243E440F0091CDA5 /* Dictionary+Extension.swift */,
				11C3EF70243E61DB00D93AAD /* UIImageView+Extension.swift */,
				11C3EF75243E6BA000D93AAD /* UITableViewCell+Extension.swift */,
				11C3EF8A243E81F100D93AAD /* UITableView+Extansion.swift */,
			);
			path = Extensions;
			sourceTree = "<group>";
		};
		11654045243E209A00AC4BDE /* Services */ = {
			isa = PBXGroup;
			children = (
				1116CBBF243E30DF002B1F05 /* PlistParser */,
				1116CBBE243E30D8002B1F05 /* Logger */,
				11C3EF72243E676800D93AAD /* Cache.swift */,
			);
			path = Services;
			sourceTree = "<group>";
		};
		11654048243E20BA00AC4BDE /* CinemaVC */ = {
			isa = PBXGroup;
			children = (
				11C3EF69243E602C00D93AAD /* TableViewCell */,
				11DAB68E243E4A6A0091CDA5 /* View */,
				11DAB68C243E4A470091CDA5 /* Presenter */,
			);
			path = CinemaVC;
			sourceTree = "<group>";
		};
		11654053243E286D00AC4BDE /* Network */ = {
			isa = PBXGroup;
			children = (
				1116CBBC243E306A002B1F05 /* Requester.swift */,
				11654049243E231B00AC4BDE /* NetworkService.swift */,
				11654056243E2A2F00AC4BDE /* Model */,
			);
			path = Network;
			sourceTree = "<group>";
		};
		11654056243E2A2F00AC4BDE /* Model */ = {
			isa = PBXGroup;
			children = (
				11C3EF78243E6E1F00D93AAD /* MovieModel */,
				11654057243E2A3500AC4BDE /* SearchMovieModel */,
			);
			path = Model;
			sourceTree = "<group>";
		};
		11654057243E2A3500AC4BDE /* SearchMovieModel */ = {
			isa = PBXGroup;
			children = (
				11654054243E28B200AC4BDE /* SearchMovieModel.swift */,
			);
			path = SearchMovieModel;
			sourceTree = "<group>";
		};
		11C3EF69243E602C00D93AAD /* TableViewCell */ = {
			isa = PBXGroup;
			children = (
				11C3EF6A243E605E00D93AAD /* MoviePosterTableViewCell.swift */,
				11C3EF6B243E605E00D93AAD /* MoviePosterTableViewCell.xib */,
			);
			path = TableViewCell;
			sourceTree = "<group>";
		};
		11C3EF77243E6CCE00D93AAD /* MovieDescription */ = {
			isa = PBXGroup;
			children = (
				11C3EF7D243E6FDC00D93AAD /* TableViewCell */,
				11C3EF7C243E6FD800D93AAD /* View */,
				11C3EF7B243E6FD100D93AAD /* Presenter */,
			);
			path = MovieDescription;
			sourceTree = "<group>";
		};
		11C3EF78243E6E1F00D93AAD /* MovieModel */ = {
			isa = PBXGroup;
			children = (
				11C3EF79243E6E3400D93AAD /* MovieModel.swift */,
			);
			path = MovieModel;
			sourceTree = "<group>";
		};
		11C3EF7B243E6FD100D93AAD /* Presenter */ = {
			isa = PBXGroup;
			children = (
				11C3EF7E243E6FF700D93AAD /* MovieDescriptionPresenter.swift */,
			);
			path = Presenter;
			sourceTree = "<group>";
		};
		11C3EF7C243E6FD800D93AAD /* View */ = {
			isa = PBXGroup;
			children = (
				11C3EF80243E701200D93AAD /* MovieDescriptionViewController.swift */,
			);
			path = View;
			sourceTree = "<group>";
		};
		11C3EF7D243E6FDC00D93AAD /* TableViewCell */ = {
			isa = PBXGroup;
			children = (
				11C3EF86243E7EA400D93AAD /* PosterTableViewCell.swift */,
				11C3EF87243E7EA400D93AAD /* PosterTableViewCell.xib */,
			);
			path = TableViewCell;
			sourceTree = "<group>";
		};
		11DAB68C243E4A470091CDA5 /* Presenter */ = {
			isa = PBXGroup;
			children = (
				11DAB68F243E4A7E0091CDA5 /* CinemaPresenter.swift */,
			);
			path = Presenter;
			sourceTree = "<group>";
		};
		11DAB68E243E4A6A0091CDA5 /* View */ = {
			isa = PBXGroup;
			children = (
				11654046243E20B800AC4BDE /* CinemaViewController.swift */,
			);
			path = View;
			sourceTree = "<group>";
		};
/* End PBXGroup section */

/* Begin PBXNativeTarget section */
		11654029243E1BD700AC4BDE /* Cinema */ = {
			isa = PBXNativeTarget;
			buildConfigurationList = 1165403E243E1BD900AC4BDE /* Build configuration list for PBXNativeTarget "Cinema" */;
			buildPhases = (
				11654026243E1BD700AC4BDE /* Sources */,
				11654027243E1BD700AC4BDE /* Frameworks */,
				11654028243E1BD700AC4BDE /* Resources */,
			);
			buildRules = (
			);
			dependencies = (
			);
			name = Cinema;
			productName = Cinema;
			productReference = 1165402A243E1BD700AC4BDE /* Cinema.app */;
			productType = "com.apple.product-type.application";
		};
/* End PBXNativeTarget section */

/* Begin PBXProject section */
		11654022243E1BD700AC4BDE /* Project object */ = {
			isa = PBXProject;
			attributes = {
				LastSwiftUpdateCheck = 1110;
				LastUpgradeCheck = 1110;
				ORGANIZATIONNAME = AlexanderKogut;
				TargetAttributes = {
					11654029243E1BD700AC4BDE = {
						CreatedOnToolsVersion = 11.1;
					};
				};
			};
			buildConfigurationList = 11654025243E1BD700AC4BDE /* Build configuration list for PBXProject "Cinema" */;
			compatibilityVersion = "Xcode 9.3";
			developmentRegion = en;
			hasScannedForEncodings = 0;
			knownRegions = (
				en,
				Base,
			);
			mainGroup = 11654021243E1BD700AC4BDE;
			productRefGroup = 1165402B243E1BD700AC4BDE /* Products */;
			projectDirPath = "";
			projectRoot = "";
			targets = (
				11654029243E1BD700AC4BDE /* Cinema */,
			);
		};
/* End PBXProject section */

/* Begin PBXResourcesBuildPhase section */
		11654028243E1BD700AC4BDE /* Resources */ = {
			isa = PBXResourcesBuildPhase;
			buildActionMask = 2147483647;
			files = (
				1165403A243E1BD900AC4BDE /* LaunchScreen.storyboard in Resources */,
				11C3EF6D243E605E00D93AAD /* MoviePosterTableViewCell.xib in Resources */,
				11654042243E1C3C00AC4BDE /* ApiKey.plist in Resources */,
				11C3EF89243E7EA400D93AAD /* PosterTableViewCell.xib in Resources */,
				11654037243E1BD900AC4BDE /* Assets.xcassets in Resources */,
			);
			runOnlyForDeploymentPostprocessing = 0;
		};
/* End PBXResourcesBuildPhase section */

/* Begin PBXSourcesBuildPhase section */
		11654026243E1BD700AC4BDE /* Sources */ = {
			isa = PBXSourcesBuildPhase;
			buildActionMask = 2147483647;
			files = (
				11DAB690243E4A7E0091CDA5 /* CinemaPresenter.swift in Sources */,
				11C3EF73243E676800D93AAD /* Cache.swift in Sources */,
				11654055243E28B200AC4BDE /* SearchMovieModel.swift in Sources */,
				11C3EF76243E6BA000D93AAD /* UITableViewCell+Extension.swift in Sources */,
				11C3EF7F243E6FF700D93AAD /* MovieDescriptionPresenter.swift in Sources */,
				11C3EF8B243E81F100D93AAD /* UITableView+Extansion.swift in Sources */,
				11C3EF71243E61DB00D93AAD /* UIImageView+Extension.swift in Sources */,
				11654047243E20B800AC4BDE /* CinemaViewController.swift in Sources */,
				11C3EF7A243E6E3500D93AAD /* MovieModel.swift in Sources */,
				1165402E243E1BD700AC4BDE /* AppDelegate.swift in Sources */,
				1165404A243E231B00AC4BDE /* NetworkService.swift in Sources */,
				11DAB688243E43E60091CDA5 /* URL+Extension.swift in Sources */,
				11C3EF88243E7EA400D93AAD /* PosterTableViewCell.swift in Sources */,
				1116CBBD243E306A002B1F05 /* Requester.swift in Sources */,
				11654030243E1BD700AC4BDE /* SceneDelegate.swift in Sources */,
				11C3EF81243E701300D93AAD /* MovieDescriptionViewController.swift in Sources */,
				11654052243E247A00AC4BDE /* PlistParser.swift in Sources */,
				11C3EF6C243E605E00D93AAD /* MoviePosterTableViewCell.swift in Sources */,
				1116CBC1243E30F2002B1F05 /* Logger.swift in Sources */,
				11DAB68A243E440F0091CDA5 /* Dictionary+Extension.swift in Sources */,
			);
			runOnlyForDeploymentPostprocessing = 0;
		};
/* End PBXSourcesBuildPhase section */

/* Begin PBXVariantGroup section */
		11654038243E1BD900AC4BDE /* LaunchScreen.storyboard */ = {
			isa = PBXVariantGroup;
			children = (
				11654039243E1BD900AC4BDE /* Base */,
			);
			name = LaunchScreen.storyboard;
			sourceTree = "<group>";
		};
/* End PBXVariantGroup section */

/* Begin XCBuildConfiguration section */
		1165403C243E1BD900AC4BDE /* Debug */ = {
			isa = XCBuildConfiguration;
			buildSettings = {
				ALWAYS_SEARCH_USER_PATHS = NO;
				CLANG_ANALYZER_NONNULL = YES;
				CLANG_ANALYZER_NUMBER_OBJECT_CONVERSION = YES_AGGRESSIVE;
				CLANG_CXX_LANGUAGE_STANDARD = "gnu++14";
				CLANG_CXX_LIBRARY = "libc++";
				CLANG_ENABLE_MODULES = YES;
				CLANG_ENABLE_OBJC_ARC = YES;
				CLANG_ENABLE_OBJC_WEAK = YES;
				CLANG_WARN_BLOCK_CAPTURE_AUTORELEASING = YES;
				CLANG_WARN_BOOL_CONVERSION = YES;
				CLANG_WARN_COMMA = YES;
				CLANG_WARN_CONSTANT_CONVERSION = YES;
				CLANG_WARN_DEPRECATED_OBJC_IMPLEMENTATIONS = YES;
				CLANG_WARN_DIRECT_OBJC_ISA_USAGE = YES_ERROR;
				CLANG_WARN_DOCUMENTATION_COMMENTS = YES;
				CLANG_WARN_EMPTY_BODY = YES;
				CLANG_WARN_ENUM_CONVERSION = YES;
				CLANG_WARN_INFINITE_RECURSION = YES;
				CLANG_WARN_INT_CONVERSION = YES;
				CLANG_WARN_NON_LITERAL_NULL_CONVERSION = YES;
				CLANG_WARN_OBJC_IMPLICIT_RETAIN_SELF = YES;
				CLANG_WARN_OBJC_LITERAL_CONVERSION = YES;
				CLANG_WARN_OBJC_ROOT_CLASS = YES_ERROR;
				CLANG_WARN_RANGE_LOOP_ANALYSIS = YES;
				CLANG_WARN_STRICT_PROTOTYPES = YES;
				CLANG_WARN_SUSPICIOUS_MOVE = YES;
				CLANG_WARN_UNGUARDED_AVAILABILITY = YES_AGGRESSIVE;
				CLANG_WARN_UNREACHABLE_CODE = YES;
				CLANG_WARN__DUPLICATE_METHOD_MATCH = YES;
				COPY_PHASE_STRIP = NO;
				DEBUG_INFORMATION_FORMAT = dwarf;
				ENABLE_STRICT_OBJC_MSGSEND = YES;
				ENABLE_TESTABILITY = YES;
				GCC_C_LANGUAGE_STANDARD = gnu11;
				GCC_DYNAMIC_NO_PIC = NO;
				GCC_NO_COMMON_BLOCKS = YES;
				GCC_OPTIMIZATION_LEVEL = 0;
				GCC_PREPROCESSOR_DEFINITIONS = (
					"DEBUG=1",
					"$(inherited)",
				);
				GCC_WARN_64_TO_32_BIT_CONVERSION = YES;
				GCC_WARN_ABOUT_RETURN_TYPE = YES_ERROR;
				GCC_WARN_UNDECLARED_SELECTOR = YES;
				GCC_WARN_UNINITIALIZED_AUTOS = YES_AGGRESSIVE;
				GCC_WARN_UNUSED_FUNCTION = YES;
				GCC_WARN_UNUSED_VARIABLE = YES;
				IPHONEOS_DEPLOYMENT_TARGET = 13.1;
				MTL_ENABLE_DEBUG_INFO = INCLUDE_SOURCE;
				MTL_FAST_MATH = YES;
				ONLY_ACTIVE_ARCH = YES;
				SDKROOT = iphoneos;
				SWIFT_ACTIVE_COMPILATION_CONDITIONS = DEBUG;
				SWIFT_OPTIMIZATION_LEVEL = "-Onone";
			};
			name = Debug;
		};
		1165403D243E1BD900AC4BDE /* Release */ = {
			isa = XCBuildConfiguration;
			buildSettings = {
				ALWAYS_SEARCH_USER_PATHS = NO;
				CLANG_ANALYZER_NONNULL = YES;
				CLANG_ANALYZER_NUMBER_OBJECT_CONVERSION = YES_AGGRESSIVE;
				CLANG_CXX_LANGUAGE_STANDARD = "gnu++14";
				CLANG_CXX_LIBRARY = "libc++";
				CLANG_ENABLE_MODULES = YES;
				CLANG_ENABLE_OBJC_ARC = YES;
				CLANG_ENABLE_OBJC_WEAK = YES;
				CLANG_WARN_BLOCK_CAPTURE_AUTORELEASING = YES;
				CLANG_WARN_BOOL_CONVERSION = YES;
				CLANG_WARN_COMMA = YES;
				CLANG_WARN_CONSTANT_CONVERSION = YES;
				CLANG_WARN_DEPRECATED_OBJC_IMPLEMENTATIONS = YES;
				CLANG_WARN_DIRECT_OBJC_ISA_USAGE = YES_ERROR;
				CLANG_WARN_DOCUMENTATION_COMMENTS = YES;
				CLANG_WARN_EMPTY_BODY = YES;
				CLANG_WARN_ENUM_CONVERSION = YES;
				CLANG_WARN_INFINITE_RECURSION = YES;
				CLANG_WARN_INT_CONVERSION = YES;
				CLANG_WARN_NON_LITERAL_NULL_CONVERSION = YES;
				CLANG_WARN_OBJC_IMPLICIT_RETAIN_SELF = YES;
				CLANG_WARN_OBJC_LITERAL_CONVERSION = YES;
				CLANG_WARN_OBJC_ROOT_CLASS = YES_ERROR;
				CLANG_WARN_RANGE_LOOP_ANALYSIS = YES;
				CLANG_WARN_STRICT_PROTOTYPES = YES;
				CLANG_WARN_SUSPICIOUS_MOVE = YES;
				CLANG_WARN_UNGUARDED_AVAILABILITY = YES_AGGRESSIVE;
				CLANG_WARN_UNREACHABLE_CODE = YES;
				CLANG_WARN__DUPLICATE_METHOD_MATCH = YES;
				COPY_PHASE_STRIP = NO;
				DEBUG_INFORMATION_FORMAT = "dwarf-with-dsym";
				ENABLE_NS_ASSERTIONS = NO;
				ENABLE_STRICT_OBJC_MSGSEND = YES;
				GCC_C_LANGUAGE_STANDARD = gnu11;
				GCC_NO_COMMON_BLOCKS = YES;
				GCC_WARN_64_TO_32_BIT_CONVERSION = YES;
				GCC_WARN_ABOUT_RETURN_TYPE = YES_ERROR;
				GCC_WARN_UNDECLARED_SELECTOR = YES;
				GCC_WARN_UNINITIALIZED_AUTOS = YES_AGGRESSIVE;
				GCC_WARN_UNUSED_FUNCTION = YES;
				GCC_WARN_UNUSED_VARIABLE = YES;
				IPHONEOS_DEPLOYMENT_TARGET = 13.1;
				MTL_ENABLE_DEBUG_INFO = NO;
				MTL_FAST_MATH = YES;
				SDKROOT = iphoneos;
				SWIFT_COMPILATION_MODE = wholemodule;
				SWIFT_OPTIMIZATION_LEVEL = "-O";
				VALIDATE_PRODUCT = YES;
			};
			name = Release;
		};
		1165403F243E1BD900AC4BDE /* Debug */ = {
			isa = XCBuildConfiguration;
			buildSettings = {
				ASSETCATALOG_COMPILER_APPICON_NAME = AppIcon;
				CODE_SIGN_STYLE = Automatic;
				DEVELOPMENT_TEAM = 44B387YQ4J;
				INFOPLIST_FILE = Cinema/Info.plist;
				LD_RUNPATH_SEARCH_PATHS = (
					"$(inherited)",
					"@executable_path/Frameworks",
				);
				PRODUCT_BUNDLE_IDENTIFIER = AlexanderKogut.Cinema;
				PRODUCT_NAME = "$(TARGET_NAME)";
				SWIFT_VERSION = 5.0;
				TARGETED_DEVICE_FAMILY = 1;
			};
			name = Debug;
		};
		11654040243E1BD900AC4BDE /* Release */ = {
			isa = XCBuildConfiguration;
			buildSettings = {
				ASSETCATALOG_COMPILER_APPICON_NAME = AppIcon;
				CODE_SIGN_STYLE = Automatic;
				DEVELOPMENT_TEAM = 44B387YQ4J;
				INFOPLIST_FILE = Cinema/Info.plist;
				LD_RUNPATH_SEARCH_PATHS = (
					"$(inherited)",
					"@executable_path/Frameworks",
				);
				PRODUCT_BUNDLE_IDENTIFIER = AlexanderKogut.Cinema;
				PRODUCT_NAME = "$(TARGET_NAME)";
				SWIFT_VERSION = 5.0;
				TARGETED_DEVICE_FAMILY = 1;
			};
			name = Release;
		};
/* End XCBuildConfiguration section */

/* Begin XCConfigurationList section */
		11654025243E1BD700AC4BDE /* Build configuration list for PBXProject "Cinema" */ = {
			isa = XCConfigurationList;
			buildConfigurations = (
				1165403C243E1BD900AC4BDE /* Debug */,
				1165403D243E1BD900AC4BDE /* Release */,
			);
			defaultConfigurationIsVisible = 0;
			defaultConfigurationName = Release;
		};
		1165403E243E1BD900AC4BDE /* Build configuration list for PBXNativeTarget "Cinema" */ = {
			isa = XCConfigurationList;
			buildConfigurations = (
				1165403F243E1BD900AC4BDE /* Debug */,
				11654040243E1BD900AC4BDE /* Release */,
			);
			defaultConfigurationIsVisible = 0;
			defaultConfigurationName = Release;
		};
/* End XCConfigurationList section */
	};
	rootObject = 11654022243E1BD700AC4BDE /* Project object */;
}
